
Microsoft Visual Studio Solution File, Format Version 12.00
# Visual Studio 15
VisualStudioVersion = 15.0.28010.2046
MinimumVisualStudioVersion = 10.0.40219.1
Project("{8BC9CEB8-8B4A-11D0-8D11-00A0C91BC942}") = "BST_Q1", "BST_Q1\BST_Q1.vcxproj", "{7D03248D-FF66-495F-92CF-CD93AD3A3275}"
EndProject
Global
	GlobalSection(SolutionConfigurationPlatforms) = preSolution
		Debug|x64 = Debug|x64
		Debug|x86 = Debug|x86
		Release|x64 = Release|x64
		Release|x86 = Release|x86
	EndGlobalSection
	GlobalSection(ProjectConfigurationPlatforms) = postSolution
		{7D03248D-FF66-495F-92CF-CD93AD3A3275}.Debug|x64.ActiveCfg = Debug|x64
		{7D03248D-FF66-495F-92CF-CD93AD3A3275}.Debug|x64.Build.0 = Debug|x64
		{7D03248D-FF66-495F-92CF-CD93AD3A3275}.Debug|x86.ActiveCfg = Debug|Win32
		{7D03248D-FF66-495F-92CF-CD93AD3A3275}.Debug|x86.Build.0 = Debug|Win32
		{7D03248D-FF66-495F-92CF-CD93AD3A3275}.Release|x64.ActiveCfg = Release|x64
		{7D03248D-FF66-495F-92CF-CD93AD3A3275}.Release|x64.Build.0 = Release|x64
		{7D03248D-FF66-495F-92CF-CD93AD3A3275}.Release|x86.ActiveCfg = Release|Win32
		{7D03248D-FF66-495F-92CF-CD93AD3A3275}.Release|x86.Build.0 = Release|Win32
	EndGlobalSection
	GlobalSection(SolutionProperties) = preSolution
		HideSolutionNode = FALSE
	EndGlobalSection
	GlobalSection(ExtensibilityGlobals) = postSolution
		SolutionGuid = {20B630C7-14A1-47CF-B445-3A70460FD749}
	EndGlobalSection
EndGlobal
